
Microsoft Visual Studio Solution File, Format Version 12.00
# Visual Studio Version 16
VisualStudioVersion = 16.0.29806.167
MinimumVisualStudioVersion = 10.0.40219.1
Project("{2150E333-8FDC-42A3-9474-1A3956D46DE8}") = "Application", "Application", "{2C92EAFD-B420-4026-B402-B901781D777A}"
EndProject
Project("{2150E333-8FDC-42A3-9474-1A3956D46DE8}") = "Domain", "Domain", "{4B133937-7352-4408-B2B0-3B83FA6953B1}"
EndProject
Project("{2150E333-8FDC-42A3-9474-1A3956D46DE8}") = "Infra.IoC", "Infra.IoC", "{D0377946-5B91-47BA-9291-3BB707A886FE}"
EndProject
Project("{2150E333-8FDC-42A3-9474-1A3956D46DE8}") = "Infra.Data", "Infra.Data", "{5D442D14-3337-47E5-8792-72A0BA49C673}"
EndProject
Project("{2150E333-8FDC-42A3-9474-1A3956D46DE8}") = "Presentation", "Presentation", "{6A130BAD-9A9D-4624-84D5-521E49431139}"
EndProject
Project("{9A19103F-16F7-4668-BE54-9A1E7A4F7556}") = "CleanArchitecture.MVC", "CleanArchitecture.MVC\CleanArchitecture.MVC.csproj", "{B67615BF-8745-4480-9CF1-87FA02783C2F}"
EndProject
Project("{9A19103F-16F7-4668-BE54-9A1E7A4F7556}") = "CleanArchitecture.Domain", "CleanArchitecture.Domain\CleanArchitecture.Domain.csproj", "{407033D9-2BC5-4733-8F64-E3D2A8635A8B}"
EndProject
Project("{9A19103F-16F7-4668-BE54-9A1E7A4F7556}") = "CleanArchitecture.Infra.Data", "CleanArchitecture.Infra.Data\CleanArchitecture.Infra.Data.csproj", "{32192BDC-24DD-4323-A8A9-44C48B758FFF}"
EndProject
Project("{9A19103F-16F7-4668-BE54-9A1E7A4F7556}") = "CleanArchitecture.Application", "CleanArchitecture.Application\CleanArchitecture.Application.csproj", "{DA180829-2BFF-414D-9EFE-04EAD5E03BEB}"
EndProject
Project("{9A19103F-16F7-4668-BE54-9A1E7A4F7556}") = "CleanArchitecture.Infra.IoC", "CleanArchitecture.Infra.IoC\CleanArchitecture.Infra.IoC.csproj", "{32765746-7951-479C-9F3A-A7659D5C17AD}"
EndProject
Project("{2150E333-8FDC-42A3-9474-1A3956D46DE8}") = "Infra.Bus", "Infra.Bus", "{9A463402-2885-4C47-B0F0-2A4DAE78A0CC}"
EndProject
Project("{2150E333-8FDC-42A3-9474-1A3956D46DE8}") = "Api", "Api", "{7557292B-A5B4-4E7B-B1FD-D6E302D7763A}"
EndProject
Project("{FAE04EC0-301F-11D3-BF4B-00C04F79EFBC}") = "CleanArchitecture.Infra.Bus", "CleanArchitecture.Infra.Bus\CleanArchitecture.Infra.Bus.csproj", "{41C87073-736A-4758-8332-A842F4D05EA9}"
EndProject
Project("{FAE04EC0-301F-11D3-BF4B-00C04F79EFBC}") = "CleanArchitecture.Domain.Core", "CleanArchitecture.Domain.Core\CleanArchitecture.Domain.Core.csproj", "{ED3CC4F1-78BA-482A-A434-AF6FAFE76CF6}"
EndProject
Global
	GlobalSection(SolutionConfigurationPlatforms) = preSolution
		Debug|Any CPU = Debug|Any CPU
		Release|Any CPU = Release|Any CPU
	EndGlobalSection
	GlobalSection(ProjectConfigurationPlatforms) = postSolution
		{B67615BF-8745-4480-9CF1-87FA02783C2F}.Debug|Any CPU.ActiveCfg = Debug|Any CPU
		{B67615BF-8745-4480-9CF1-87FA02783C2F}.Debug|Any CPU.Build.0 = Debug|Any CPU
		{B67615BF-8745-4480-9CF1-87FA02783C2F}.Release|Any CPU.ActiveCfg = Release|Any CPU
		{B67615BF-8745-4480-9CF1-87FA02783C2F}.Release|Any CPU.Build.0 = Release|Any CPU
		{407033D9-2BC5-4733-8F64-E3D2A8635A8B}.Debug|Any CPU.ActiveCfg = Debug|Any CPU
		{407033D9-2BC5-4733-8F64-E3D2A8635A8B}.Debug|Any CPU.Build.0 = Debug|Any CPU
		{407033D9-2BC5-4733-8F64-E3D2A8635A8B}.Release|Any CPU.ActiveCfg = Release|Any CPU
		{407033D9-2BC5-4733-8F64-E3D2A8635A8B}.Release|Any CPU.Build.0 = Release|Any CPU
		{32192BDC-24DD-4323-A8A9-44C48B758FFF}.Debug|Any CPU.ActiveCfg = Debug|Any CPU
		{32192BDC-24DD-4323-A8A9-44C48B758FFF}.Debug|Any CPU.Build.0 = Debug|Any CPU
		{32192BDC-24DD-4323-A8A9-44C48B758FFF}.Release|Any CPU.ActiveCfg = Release|Any CPU
		{32192BDC-24DD-4323-A8A9-44C48B758FFF}.Release|Any CPU.Build.0 = Release|Any CPU
		{DA180829-2BFF-414D-9EFE-04EAD5E03BEB}.Debug|Any CPU.ActiveCfg = Debug|Any CPU
		{DA180829-2BFF-414D-9EFE-04EAD5E03BEB}.Debug|Any CPU.Build.0 = Debug|Any CPU
		{DA180829-2BFF-414D-9EFE-04EAD5E03BEB}.Release|Any CPU.ActiveCfg = Release|Any CPU
		{DA180829-2BFF-414D-9EFE-04EAD5E03BEB}.Release|Any CPU.Build.0 = Release|Any CPU
		{32765746-7951-479C-9F3A-A7659D5C17AD}.Debug|Any CPU.ActiveCfg = Debug|Any CPU
		{32765746-7951-479C-9F3A-A7659D5C17AD}.Debug|Any CPU.Build.0 = Debug|Any CPU
		{32765746-7951-479C-9F3A-A7659D5C17AD}.Release|Any CPU.ActiveCfg = Release|Any CPU
		{32765746-7951-479C-9F3A-A7659D5C17AD}.Release|Any CPU.Build.0 = Release|Any CPU
		{41C87073-736A-4758-8332-A842F4D05EA9}.Debug|Any CPU.ActiveCfg = Debug|Any CPU
		{41C87073-736A-4758-8332-A842F4D05EA9}.Debug|Any CPU.Build.0 = Debug|Any CPU
		{41C87073-736A-4758-8332-A842F4D05EA9}.Release|Any CPU.ActiveCfg = Release|Any CPU
		{41C87073-736A-4758-8332-A842F4D05EA9}.Release|Any CPU.Build.0 = Release|Any CPU
		{ED3CC4F1-78BA-482A-A434-AF6FAFE76CF6}.Debug|Any CPU.ActiveCfg = Debug|Any CPU
		{ED3CC4F1-78BA-482A-A434-AF6FAFE76CF6}.Debug|Any CPU.Build.0 = Debug|Any CPU
		{ED3CC4F1-78BA-482A-A434-AF6FAFE76CF6}.Release|Any CPU.ActiveCfg = Release|Any CPU
		{ED3CC4F1-78BA-482A-A434-AF6FAFE76CF6}.Release|Any CPU.Build.0 = Release|Any CPU
	EndGlobalSection
	GlobalSection(SolutionProperties) = preSolution
		HideSolutionNode = FALSE
	EndGlobalSection
	GlobalSection(NestedProjects) = preSolution
		{B67615BF-8745-4480-9CF1-87FA02783C2F} = {6A130BAD-9A9D-4624-84D5-521E49431139}
		{407033D9-2BC5-4733-8F64-E3D2A8635A8B} = {4B133937-7352-4408-B2B0-3B83FA6953B1}
		{32192BDC-24DD-4323-A8A9-44C48B758FFF} = {5D442D14-3337-47E5-8792-72A0BA49C673}
		{DA180829-2BFF-414D-9EFE-04EAD5E03BEB} = {2C92EAFD-B420-4026-B402-B901781D777A}
		{32765746-7951-479C-9F3A-A7659D5C17AD} = {D0377946-5B91-47BA-9291-3BB707A886FE}
		{41C87073-736A-4758-8332-A842F4D05EA9} = {9A463402-2885-4C47-B0F0-2A4DAE78A0CC}
		{ED3CC4F1-78BA-482A-A434-AF6FAFE76CF6} = {4B133937-7352-4408-B2B0-3B83FA6953B1}
	EndGlobalSection
	GlobalSection(ExtensibilityGlobals) = postSolution
		SolutionGuid = {9775061D-0771-4808-910B-1493DAD47209}
	EndGlobalSection
EndGlobal
